PODS:
  - YYImage (1.0.4):
    - YYImage/Core (= 1.0.4)
  - YYImage/Core (1.0.4)
  - YYText (1.0.7)

DEPENDENCIES:
  - YYImage
  - YYText

SPEC CHECKSUMS:
  YYImage: 1e1b62a9997399593e4b9c4ecfbbabbf1d3f3b54
  YYText: 5c461d709e24d55a182d1441c41dc639a18a4849

PODFILE CHECKSUM: d722bd5df7772fc141c2153a4cdf221a9ca66464

COCOAPODS: 1.4.0
